
Microsoft Visual Studio Solution File, Format Version 12.00
# Visual Studio Version 17
VisualStudioVersion = 17.0.32014.148
MinimumVisualStudioVersion = 10.0.40219.1
Project("{FAE04EC0-301F-11D3-BF4B-00C04F79EFBC}") = "TaskHTT.UI", "TaskHTT\TaskHTT.UI.csproj", "{41C12E12-6597-4A8A-9214-D573E20CF442}"
EndProject
Project("{FAE04EC0-301F-11D3-BF4B-00C04F79EFBC}") = "TaskHTT.DataLayer", "TaskHTT.DataLayer\TaskHTT.DataLayer.csproj", "{FC805D99-4E7B-456F-841D-1678A9882B30}"
EndProject
Project("{FAE04EC0-301F-11D3-BF4B-00C04F79EFBC}") = "TaskHTT.DataLayer.PgSql", "TaskHTT.DataLayer.PgSql\TaskHTT.DataLayer.PgSql.csproj", "{31960228-8EC3-42B5-B823-D1E597B4EC78}"
EndProject
Project("{FAE04EC0-301F-11D3-BF4B-00C04F79EFBC}") = "TaskHTT.ServiceLayer", "TaskHTT.ServiceLayer\TaskHTT.ServiceLayer.csproj", "{A8041CFC-6B60-4D86-8BBD-0858B6B153E4}"
EndProject
Project("{FAE04EC0-301F-11D3-BF4B-00C04F79EFBC}") = "TaskHTT.Core", "TaskHTT.Core\TaskHTT.Core.csproj", "{2C87C494-71C7-4075-B9E7-5DEB1CFD7E54}"
EndProject
Global
	GlobalSection(SolutionConfigurationPlatforms) = preSolution
		Debug|Any CPU = Debug|Any CPU
		Release|Any CPU = Release|Any CPU
	EndGlobalSection
	GlobalSection(ProjectConfigurationPlatforms) = postSolution
		{41C12E12-6597-4A8A-9214-D573E20CF442}.Debug|Any CPU.ActiveCfg = Debug|Any CPU
		{41C12E12-6597-4A8A-9214-D573E20CF442}.Debug|Any CPU.Build.0 = Debug|Any CPU
		{41C12E12-6597-4A8A-9214-D573E20CF442}.Release|Any CPU.ActiveCfg = Release|Any CPU
		{41C12E12-6597-4A8A-9214-D573E20CF442}.Release|Any CPU.Build.0 = Release|Any CPU
		{FC805D99-4E7B-456F-841D-1678A9882B30}.Debug|Any CPU.ActiveCfg = Debug|Any CPU
		{FC805D99-4E7B-456F-841D-1678A9882B30}.Debug|Any CPU.Build.0 = Debug|Any CPU
		{FC805D99-4E7B-456F-841D-1678A9882B30}.Release|Any CPU.ActiveCfg = Release|Any CPU
		{FC805D99-4E7B-456F-841D-1678A9882B30}.Release|Any CPU.Build.0 = Release|Any CPU
		{31960228-8EC3-42B5-B823-D1E597B4EC78}.Debug|Any CPU.ActiveCfg = Debug|Any CPU
		{31960228-8EC3-42B5-B823-D1E597B4EC78}.Debug|Any CPU.Build.0 = Debug|Any CPU
		{31960228-8EC3-42B5-B823-D1E597B4EC78}.Release|Any CPU.ActiveCfg = Release|Any CPU
		{31960228-8EC3-42B5-B823-D1E597B4EC78}.Release|Any CPU.Build.0 = Release|Any CPU
		{A8041CFC-6B60-4D86-8BBD-0858B6B153E4}.Debug|Any CPU.ActiveCfg = Debug|Any CPU
		{A8041CFC-6B60-4D86-8BBD-0858B6B153E4}.Debug|Any CPU.Build.0 = Debug|Any CPU
		{A8041CFC-6B60-4D86-8BBD-0858B6B153E4}.Release|Any CPU.ActiveCfg = Release|Any CPU
		{A8041CFC-6B60-4D86-8BBD-0858B6B153E4}.Release|Any CPU.Build.0 = Release|Any CPU
		{2C87C494-71C7-4075-B9E7-5DEB1CFD7E54}.Debug|Any CPU.ActiveCfg = Debug|Any CPU
		{2C87C494-71C7-4075-B9E7-5DEB1CFD7E54}.Debug|Any CPU.Build.0 = Debug|Any CPU
		{2C87C494-71C7-4075-B9E7-5DEB1CFD7E54}.Release|Any CPU.ActiveCfg = Release|Any CPU
		{2C87C494-71C7-4075-B9E7-5DEB1CFD7E54}.Release|Any CPU.Build.0 = Release|Any CPU
	EndGlobalSection
	GlobalSection(SolutionProperties) = preSolution
		HideSolutionNode = FALSE
	EndGlobalSection
	GlobalSection(ExtensibilityGlobals) = postSolution
		SolutionGuid = {5B86558C-AF51-4BA8-92B6-DFDC523E2D75}
	EndGlobalSection
EndGlobal
